
Microsoft Visual Studio Solution File, Format Version 12.00
# Visual Studio 14
VisualStudioVersion = 14.0.25420.1
MinimumVisualStudioVersion = 10.0.40219.1
Project("{2150E333-8FDC-42A3-9474-1A3956D46DE8}") = "Common", "Common", "{983C10CE-8CC2-40A0-B406-AF06448A1438}"
EndProject
Project("{2150E333-8FDC-42A3-9474-1A3956D46DE8}") = "GameServer", "GameServer", "{5F63F1FA-1B96-4A7D-9186-98FB65E78390}"
EndProject
Project("{2150E333-8FDC-42A3-9474-1A3956D46DE8}") = "Message", "Message", "{46D25F46-2165-4EFF-939F-303A59041E54}"
EndProject
Project("{2150E333-8FDC-42A3-9474-1A3956D46DE8}") = "Gate", "Gate", "{B02CCDDD-8400-494D-99DE-62744219078A}"
EndProject
Project("{2150E333-8FDC-42A3-9474-1A3956D46DE8}") = "DBProxy", "DBProxy", "{05FA98E4-F527-493D-880E-61D5BA0089A6}"
EndProject
Project("{2150E333-8FDC-42A3-9474-1A3956D46DE8}") = "GameManager", "GameManager", "{5EF84808-F92E-4A8A-BF78-71CCB92DD08E}"
EndProject
Project("{8BC9CEB8-8B4A-11D0-8D11-00A0C91BC942}") = "common2", "win_project\common2\common2.vcxproj", "{15942543-B840-4773-82B2-3D1D65C698D1}"
EndProject
Project("{8BC9CEB8-8B4A-11D0-8D11-00A0C91BC942}") = "dbproxy2", "win_project\dbproxy2\dbproxy2.vcxproj", "{81508B58-0996-4CCF-AA87-9F6FFD63CDCC}"
EndProject
Project("{8BC9CEB8-8B4A-11D0-8D11-00A0C91BC942}") = "game2", "win_project\game2\game2.vcxproj", "{81B94A31-698C-487F-A466-F437FC2AD07A}"
EndProject
Project("{8BC9CEB8-8B4A-11D0-8D11-00A0C91BC942}") = "gate2", "win_project\gate2\gate2.vcxproj", "{F5B1F0D9-F98D-4117-ADB2-52C230F12611}"
EndProject
Project("{8BC9CEB8-8B4A-11D0-8D11-00A0C91BC942}") = "message2", "win_project\message2\message2.vcxproj", "{9FF2E399-2580-47CE-83BD-17085B10C5F1}"
EndProject
Project("{8BC9CEB8-8B4A-11D0-8D11-00A0C91BC942}") = "fight2", "win_project\fight2\fight2.vcxproj", "{13FB6E4C-7B11-49A2-874E-0ACFD7C8ABE0}"
EndProject
Project("{8BC9CEB8-8B4A-11D0-8D11-00A0C91BC942}") = "gamemanager2", "win_project\gamemanager2\gamemanager2.vcxproj", "{99719972-8C5D-492A-BAE0-8AF5171F82A8}"
EndProject
Project("{8BC9CEB8-8B4A-11D0-8D11-00A0C91BC942}") = "math3d", "win_project\math3d\math3d.vcxproj", "{9FC87F3C-2FD4-4041-B53C-BCB7E577D2E0}"
EndProject
Project("{8BC9CEB8-8B4A-11D0-8D11-00A0C91BC942}") = "robot", "win_project\robot\robot.vcxproj", "{C0482381-10F6-47EF-A915-12145D91417A}"
EndProject
Project("{8BC9CEB8-8B4A-11D0-8D11-00A0C91BC942}") = "detour", "win_project\detour\detour.vcxproj", "{3483D898-6AEB-4C8A-8385-79F45ED01FB7}"
EndProject
Project("{2150E333-8FDC-42A3-9474-1A3956D46DE8}") = "login", "login", "{BCDF8637-F11A-41FA-BD11-64603304C9E0}"
EndProject
Project("{8BC9CEB8-8B4A-11D0-8D11-00A0C91BC942}") = "login", "win_project\login\login.vcxproj", "{32C62A4A-809B-4B22-882D-F7498B83A11A}"
EndProject
Global
	GlobalSection(SolutionConfigurationPlatforms) = preSolution
		Debug_MD|x64 = Debug_MD|x64
		Debug_MD|x86 = Debug_MD|x86
		Debug|x64 = Debug|x64
		Debug|x86 = Debug|x86
		Release_MD|x64 = Release_MD|x64
		Release_MD|x86 = Release_MD|x86
		Release|x64 = Release|x64
		Release|x86 = Release|x86
		Shipping|x64 = Shipping|x64
		Shipping|x86 = Shipping|x86
	EndGlobalSection
	GlobalSection(ProjectConfigurationPlatforms) = postSolution
		{15942543-B840-4773-82B2-3D1D65C698D1}.Debug_MD|x64.ActiveCfg = Debug|Win32
		{15942543-B840-4773-82B2-3D1D65C698D1}.Debug_MD|x64.Build.0 = Debug|Win32
		{15942543-B840-4773-82B2-3D1D65C698D1}.Debug_MD|x86.ActiveCfg = Debug|Win32
		{15942543-B840-4773-82B2-3D1D65C698D1}.Debug_MD|x86.Build.0 = Debug|Win32
		{15942543-B840-4773-82B2-3D1D65C698D1}.Debug|x64.ActiveCfg = Debug|Win32
		{15942543-B840-4773-82B2-3D1D65C698D1}.Debug|x64.Build.0 = Debug|Win32
		{15942543-B840-4773-82B2-3D1D65C698D1}.Debug|x86.ActiveCfg = Debug|Win32
		{15942543-B840-4773-82B2-3D1D65C698D1}.Debug|x86.Build.0 = Debug|Win32
		{15942543-B840-4773-82B2-3D1D65C698D1}.Release_MD|x64.ActiveCfg = Release|x64
		{15942543-B840-4773-82B2-3D1D65C698D1}.Release_MD|x64.Build.0 = Release|x64
		{15942543-B840-4773-82B2-3D1D65C698D1}.Release_MD|x86.ActiveCfg = Release|Win32
		{15942543-B840-4773-82B2-3D1D65C698D1}.Release_MD|x86.Build.0 = Release|Win32
		{15942543-B840-4773-82B2-3D1D65C698D1}.Release|x64.ActiveCfg = Release|x64
		{15942543-B840-4773-82B2-3D1D65C698D1}.Release|x64.Build.0 = Release|x64
		{15942543-B840-4773-82B2-3D1D65C698D1}.Release|x86.ActiveCfg = Release|Win32
		{15942543-B840-4773-82B2-3D1D65C698D1}.Release|x86.Build.0 = Release|Win32
		{15942543-B840-4773-82B2-3D1D65C698D1}.Shipping|x64.ActiveCfg = Release|x64
		{15942543-B840-4773-82B2-3D1D65C698D1}.Shipping|x64.Build.0 = Release|x64
		{15942543-B840-4773-82B2-3D1D65C698D1}.Shipping|x86.ActiveCfg = Release|Win32
		{15942543-B840-4773-82B2-3D1D65C698D1}.Shipping|x86.Build.0 = Release|Win32
		{81508B58-0996-4CCF-AA87-9F6FFD63CDCC}.Debug_MD|x64.ActiveCfg = Debug|Win32
		{81508B58-0996-4CCF-AA87-9F6FFD63CDCC}.Debug_MD|x64.Build.0 = Debug|Win32
		{81508B58-0996-4CCF-AA87-9F6FFD63CDCC}.Debug_MD|x86.ActiveCfg = Debug|Win32
		{81508B58-0996-4CCF-AA87-9F6FFD63CDCC}.Debug_MD|x86.Build.0 = Debug|Win32
		{81508B58-0996-4CCF-AA87-9F6FFD63CDCC}.Debug|x64.ActiveCfg = Debug|Win32
		{81508B58-0996-4CCF-AA87-9F6FFD63CDCC}.Debug|x64.Build.0 = Debug|Win32
		{81508B58-0996-4CCF-AA87-9F6FFD63CDCC}.Debug|x86.ActiveCfg = Debug|Win32
		{81508B58-0996-4CCF-AA87-9F6FFD63CDCC}.Debug|x86.Build.0 = Debug|Win32
		{81508B58-0996-4CCF-AA87-9F6FFD63CDCC}.Release_MD|x64.ActiveCfg = Release|x64
		{81508B58-0996-4CCF-AA87-9F6FFD63CDCC}.Release_MD|x64.Build.0 = Release|x64
		{81508B58-0996-4CCF-AA87-9F6FFD63CDCC}.Release_MD|x86.ActiveCfg = Release|Win32
		{81508B58-0996-4CCF-AA87-9F6FFD63CDCC}.Release_MD|x86.Build.0 = Release|Win32
		{81508B58-0996-4CCF-AA87-9F6FFD63CDCC}.Release|x64.ActiveCfg = Release|x64
		{81508B58-0996-4CCF-AA87-9F6FFD63CDCC}.Release|x64.Build.0 = Release|x64
		{81508B58-0996-4CCF-AA87-9F6FFD63CDCC}.Release|x86.ActiveCfg = Release|Win32
		{81508B58-0996-4CCF-AA87-9F6FFD63CDCC}.Release|x86.Build.0 = Release|Win32
		{81508B58-0996-4CCF-AA87-9F6FFD63CDCC}.Shipping|x64.ActiveCfg = Release|x64
		{81508B58-0996-4CCF-AA87-9F6FFD63CDCC}.Shipping|x64.Build.0 = Release|x64
		{81508B58-0996-4CCF-AA87-9F6FFD63CDCC}.Shipping|x86.ActiveCfg = Release|Win32
		{81508B58-0996-4CCF-AA87-9F6FFD63CDCC}.Shipping|x86.Build.0 = Release|Win32
		{81B94A31-698C-487F-A466-F437FC2AD07A}.Debug_MD|x64.ActiveCfg = Debug|Win32
		{81B94A31-698C-487F-A466-F437FC2AD07A}.Debug_MD|x64.Build.0 = Debug|Win32
		{81B94A31-698C-487F-A466-F437FC2AD07A}.Debug_MD|x86.ActiveCfg = Debug|Win32
		{81B94A31-698C-487F-A466-F437FC2AD07A}.Debug_MD|x86.Build.0 = Debug|Win32
		{81B94A31-698C-487F-A466-F437FC2AD07A}.Debug|x64.ActiveCfg = Debug|Win32
		{81B94A31-698C-487F-A466-F437FC2AD07A}.Debug|x64.Build.0 = Debug|Win32
		{81B94A31-698C-487F-A466-F437FC2AD07A}.Debug|x86.ActiveCfg = Debug|Win32
		{81B94A31-698C-487F-A466-F437FC2AD07A}.Debug|x86.Build.0 = Debug|Win32
		{81B94A31-698C-487F-A466-F437FC2AD07A}.Release_MD|x64.ActiveCfg = Release|x64
		{81B94A31-698C-487F-A466-F437FC2AD07A}.Release_MD|x64.Build.0 = Release|x64
		{81B94A31-698C-487F-A466-F437FC2AD07A}.Release_MD|x86.ActiveCfg = Release|Win32
		{81B94A31-698C-487F-A466-F437FC2AD07A}.Release_MD|x86.Build.0 = Release|Win32
		{81B94A31-698C-487F-A466-F437FC2AD07A}.Release|x64.ActiveCfg = Release|x64
		{81B94A31-698C-487F-A466-F437FC2AD07A}.Release|x64.Build.0 = Release|x64
		{81B94A31-698C-487F-A466-F437FC2AD07A}.Release|x86.ActiveCfg = Release|Win32
		{81B94A31-698C-487F-A466-F437FC2AD07A}.Release|x86.Build.0 = Release|Win32
		{81B94A31-698C-487F-A466-F437FC2AD07A}.Shipping|x64.ActiveCfg = Release|x64
		{81B94A31-698C-487F-A466-F437FC2AD07A}.Shipping|x64.Build.0 = Release|x64
		{81B94A31-698C-487F-A466-F437FC2AD07A}.Shipping|x86.ActiveCfg = Release|Win32
		{81B94A31-698C-487F-A466-F437FC2AD07A}.Shipping|x86.Build.0 = Release|Win32
		{F5B1F0D9-F98D-4117-ADB2-52C230F12611}.Debug_MD|x64.ActiveCfg = Debug|Win32
		{F5B1F0D9-F98D-4117-ADB2-52C230F12611}.Debug_MD|x64.Build.0 = Debug|Win32
		{F5B1F0D9-F98D-4117-ADB2-52C230F12611}.Debug_MD|x86.ActiveCfg = Debug|Win32
		{F5B1F0D9-F98D-4117-ADB2-52C230F12611}.Debug_MD|x86.Build.0 = Debug|Win32
		{F5B1F0D9-F98D-4117-ADB2-52C230F12611}.Debug|x64.ActiveCfg = Debug|Win32
		{F5B1F0D9-F98D-4117-ADB2-52C230F12611}.Debug|x64.Build.0 = Debug|Win32
		{F5B1F0D9-F98D-4117-ADB2-52C230F12611}.Debug|x86.ActiveCfg = Debug|Win32
		{F5B1F0D9-F98D-4117-ADB2-52C230F12611}.Debug|x86.Build.0 = Debug|Win32
		{F5B1F0D9-F98D-4117-ADB2-52C230F12611}.Release_MD|x64.ActiveCfg = Release|x64
		{F5B1F0D9-F98D-4117-ADB2-52C230F12611}.Release_MD|x64.Build.0 = Release|x64
		{F5B1F0D9-F98D-4117-ADB2-52C230F12611}.Release_MD|x86.ActiveCfg = Release|Win32
		{F5B1F0D9-F98D-4117-ADB2-52C230F12611}.Release_MD|x86.Build.0 = Release|Win32
		{F5B1F0D9-F98D-4117-ADB2-52C230F12611}.Release|x64.ActiveCfg = Release|x64
		{F5B1F0D9-F98D-4117-ADB2-52C230F12611}.Release|x64.Build.0 = Release|x64
		{F5B1F0D9-F98D-4117-ADB2-52C230F12611}.Release|x86.ActiveCfg = Release|Win32
		{F5B1F0D9-F98D-4117-ADB2-52C230F12611}.Release|x86.Build.0 = Release|Win32
		{F5B1F0D9-F98D-4117-ADB2-52C230F12611}.Shipping|x64.ActiveCfg = Release|x64
		{F5B1F0D9-F98D-4117-ADB2-52C230F12611}.Shipping|x64.Build.0 = Release|x64
		{F5B1F0D9-F98D-4117-ADB2-52C230F12611}.Shipping|x86.ActiveCfg = Release|Win32
		{F5B1F0D9-F98D-4117-ADB2-52C230F12611}.Shipping|x86.Build.0 = Release|Win32
		{9FF2E399-2580-47CE-83BD-17085B10C5F1}.Debug_MD|x64.ActiveCfg = Debug|Win32
		{9FF2E399-2580-47CE-83BD-17085B10C5F1}.Debug_MD|x64.Build.0 = Debug|Win32
		{9FF2E399-2580-47CE-83BD-17085B10C5F1}.Debug_MD|x86.ActiveCfg = Debug|Win32
		{9FF2E399-2580-47CE-83BD-17085B10C5F1}.Debug_MD|x86.Build.0 = Debug|Win32
		{9FF2E399-2580-47CE-83BD-17085B10C5F1}.Debug|x64.ActiveCfg = Debug|Win32
		{9FF2E399-2580-47CE-83BD-17085B10C5F1}.Debug|x64.Build.0 = Debug|Win32
		{9FF2E399-2580-47CE-83BD-17085B10C5F1}.Debug|x86.ActiveCfg = Debug|Win32
		{9FF2E399-2580-47CE-83BD-17085B10C5F1}.Debug|x86.Build.0 = Debug|Win32
		{9FF2E399-2580-47CE-83BD-17085B10C5F1}.Release_MD|x64.ActiveCfg = Release|x64
		{9FF2E399-2580-47CE-83BD-17085B10C5F1}.Release_MD|x64.Build.0 = Release|x64
		{9FF2E399-2580-47CE-83BD-17085B10C5F1}.Release_MD|x86.ActiveCfg = Release|Win32
		{9FF2E399-2580-47CE-83BD-17085B10C5F1}.Release_MD|x86.Build.0 = Release|Win32
		{9FF2E399-2580-47CE-83BD-17085B10C5F1}.Release|x64.ActiveCfg = Release|x64
		{9FF2E399-2580-47CE-83BD-17085B10C5F1}.Release|x64.Build.0 = Release|x64
		{9FF2E399-2580-47CE-83BD-17085B10C5F1}.Release|x86.ActiveCfg = Release|Win32
		{9FF2E399-2580-47CE-83BD-17085B10C5F1}.Release|x86.Build.0 = Release|Win32
		{9FF2E399-2580-47CE-83BD-17085B10C5F1}.Shipping|x64.ActiveCfg = Release|x64
		{9FF2E399-2580-47CE-83BD-17085B10C5F1}.Shipping|x64.Build.0 = Release|x64
		{9FF2E399-2580-47CE-83BD-17085B10C5F1}.Shipping|x86.ActiveCfg = Release|Win32
		{9FF2E399-2580-47CE-83BD-17085B10C5F1}.Shipping|x86.Build.0 = Release|Win32
		{13FB6E4C-7B11-49A2-874E-0ACFD7C8ABE0}.Debug_MD|x64.ActiveCfg = Debug|Win32
		{13FB6E4C-7B11-49A2-874E-0ACFD7C8ABE0}.Debug_MD|x64.Build.0 = Debug|Win32
		{13FB6E4C-7B11-49A2-874E-0ACFD7C8ABE0}.Debug_MD|x86.ActiveCfg = Debug|Win32
		{13FB6E4C-7B11-49A2-874E-0ACFD7C8ABE0}.Debug_MD|x86.Build.0 = Debug|Win32
		{13FB6E4C-7B11-49A2-874E-0ACFD7C8ABE0}.Debug|x64.ActiveCfg = Debug|Win32
		{13FB6E4C-7B11-49A2-874E-0ACFD7C8ABE0}.Debug|x64.Build.0 = Debug|Win32
		{13FB6E4C-7B11-49A2-874E-0ACFD7C8ABE0}.Debug|x86.ActiveCfg = Debug|Win32
		{13FB6E4C-7B11-49A2-874E-0ACFD7C8ABE0}.Debug|x86.Build.0 = Debug|Win32
		{13FB6E4C-7B11-49A2-874E-0ACFD7C8ABE0}.Release_MD|x64.ActiveCfg = Release|x64
		{13FB6E4C-7B11-49A2-874E-0ACFD7C8ABE0}.Release_MD|x64.Build.0 = Release|x64
		{13FB6E4C-7B11-49A2-874E-0ACFD7C8ABE0}.Release_MD|x86.ActiveCfg = Release|Win32
		{13FB6E4C-7B11-49A2-874E-0ACFD7C8ABE0}.Release_MD|x86.Build.0 = Release|Win32
		{13FB6E4C-7B11-49A2-874E-0ACFD7C8ABE0}.Release|x64.ActiveCfg = Release|x64
		{13FB6E4C-7B11-49A2-874E-0ACFD7C8ABE0}.Release|x64.Build.0 = Release|x64
		{13FB6E4C-7B11-49A2-874E-0ACFD7C8ABE0}.Release|x86.ActiveCfg = Release|Win32
		{13FB6E4C-7B11-49A2-874E-0ACFD7C8ABE0}.Release|x86.Build.0 = Release|Win32
		{13FB6E4C-7B11-49A2-874E-0ACFD7C8ABE0}.Shipping|x64.ActiveCfg = Release|x64
		{13FB6E4C-7B11-49A2-874E-0ACFD7C8ABE0}.Shipping|x64.Build.0 = Release|x64
		{13FB6E4C-7B11-49A2-874E-0ACFD7C8ABE0}.Shipping|x86.ActiveCfg = Release|Win32
		{13FB6E4C-7B11-49A2-874E-0ACFD7C8ABE0}.Shipping|x86.Build.0 = Release|Win32
		{99719972-8C5D-492A-BAE0-8AF5171F82A8}.Debug_MD|x64.ActiveCfg = Debug|Win32
		{99719972-8C5D-492A-BAE0-8AF5171F82A8}.Debug_MD|x64.Build.0 = Debug|Win32
		{99719972-8C5D-492A-BAE0-8AF5171F82A8}.Debug_MD|x86.ActiveCfg = Debug|Win32
		{99719972-8C5D-492A-BAE0-8AF5171F82A8}.Debug_MD|x86.Build.0 = Debug|Win32
		{99719972-8C5D-492A-BAE0-8AF5171F82A8}.Debug|x64.ActiveCfg = Debug|Win32
		{99719972-8C5D-492A-BAE0-8AF5171F82A8}.Debug|x64.Build.0 = Debug|Win32
		{99719972-8C5D-492A-BAE0-8AF5171F82A8}.Debug|x86.ActiveCfg = Debug|Win32
		{99719972-8C5D-492A-BAE0-8AF5171F82A8}.Debug|x86.Build.0 = Debug|Win32
		{99719972-8C5D-492A-BAE0-8AF5171F82A8}.Release_MD|x64.ActiveCfg = Release|x64
		{99719972-8C5D-492A-BAE0-8AF5171F82A8}.Release_MD|x64.Build.0 = Release|x64
		{99719972-8C5D-492A-BAE0-8AF5171F82A8}.Release_MD|x86.ActiveCfg = Release|Win32
		{99719972-8C5D-492A-BAE0-8AF5171F82A8}.Release_MD|x86.Build.0 = Release|Win32
		{99719972-8C5D-492A-BAE0-8AF5171F82A8}.Release|x64.ActiveCfg = Release|x64
		{99719972-8C5D-492A-BAE0-8AF5171F82A8}.Release|x64.Build.0 = Release|x64
		{99719972-8C5D-492A-BAE0-8AF5171F82A8}.Release|x86.ActiveCfg = Release|Win32
		{99719972-8C5D-492A-BAE0-8AF5171F82A8}.Release|x86.Build.0 = Release|Win32
		{99719972-8C5D-492A-BAE0-8AF5171F82A8}.Shipping|x64.ActiveCfg = Release|x64
		{99719972-8C5D-492A-BAE0-8AF5171F82A8}.Shipping|x64.Build.0 = Release|x64
		{99719972-8C5D-492A-BAE0-8AF5171F82A8}.Shipping|x86.ActiveCfg = Release|Win32
		{99719972-8C5D-492A-BAE0-8AF5171F82A8}.Shipping|x86.Build.0 = Release|Win32
		{9FC87F3C-2FD4-4041-B53C-BCB7E577D2E0}.Debug_MD|x64.ActiveCfg = Debug|x64
		{9FC87F3C-2FD4-4041-B53C-BCB7E577D2E0}.Debug_MD|x64.Build.0 = Debug|x64
		{9FC87F3C-2FD4-4041-B53C-BCB7E577D2E0}.Debug_MD|x86.ActiveCfg = Debug|Win32
		{9FC87F3C-2FD4-4041-B53C-BCB7E577D2E0}.Debug_MD|x86.Build.0 = Debug|Win32
		{9FC87F3C-2FD4-4041-B53C-BCB7E577D2E0}.Debug|x64.ActiveCfg = Debug|x64
		{9FC87F3C-2FD4-4041-B53C-BCB7E577D2E0}.Debug|x64.Build.0 = Debug|x64
		{9FC87F3C-2FD4-4041-B53C-BCB7E577D2E0}.Debug|x86.ActiveCfg = Debug|Win32
		{9FC87F3C-2FD4-4041-B53C-BCB7E577D2E0}.Debug|x86.Build.0 = Debug|Win32
		{9FC87F3C-2FD4-4041-B53C-BCB7E577D2E0}.Release_MD|x64.ActiveCfg = Release|x64
		{9FC87F3C-2FD4-4041-B53C-BCB7E577D2E0}.Release_MD|x64.Build.0 = Release|x64
		{9FC87F3C-2FD4-4041-B53C-BCB7E577D2E0}.Release_MD|x86.ActiveCfg = Release|Win32
		{9FC87F3C-2FD4-4041-B53C-BCB7E577D2E0}.Release_MD|x86.Build.0 = Release|Win32
		{9FC87F3C-2FD4-4041-B53C-BCB7E577D2E0}.Release|x64.ActiveCfg = Release|x64
		{9FC87F3C-2FD4-4041-B53C-BCB7E577D2E0}.Release|x64.Build.0 = Release|x64
		{9FC87F3C-2FD4-4041-B53C-BCB7E577D2E0}.Release|x86.ActiveCfg = Release|Win32
		{9FC87F3C-2FD4-4041-B53C-BCB7E577D2E0}.Release|x86.Build.0 = Release|Win32
		{9FC87F3C-2FD4-4041-B53C-BCB7E577D2E0}.Shipping|x64.ActiveCfg = Release|x64
		{9FC87F3C-2FD4-4041-B53C-BCB7E577D2E0}.Shipping|x64.Build.0 = Release|x64
		{9FC87F3C-2FD4-4041-B53C-BCB7E577D2E0}.Shipping|x86.ActiveCfg = Release|Win32
		{9FC87F3C-2FD4-4041-B53C-BCB7E577D2E0}.Shipping|x86.Build.0 = Release|Win32
		{C0482381-10F6-47EF-A915-12145D91417A}.Debug_MD|x64.ActiveCfg = Debug|Win32
		{C0482381-10F6-47EF-A915-12145D91417A}.Debug_MD|x64.Build.0 = Debug|Win32
		{C0482381-10F6-47EF-A915-12145D91417A}.Debug_MD|x86.ActiveCfg = Debug|Win32
		{C0482381-10F6-47EF-A915-12145D91417A}.Debug_MD|x86.Build.0 = Debug|Win32
		{C0482381-10F6-47EF-A915-12145D91417A}.Debug|x64.ActiveCfg = Debug|Win32
		{C0482381-10F6-47EF-A915-12145D91417A}.Debug|x64.Build.0 = Debug|Win32
		{C0482381-10F6-47EF-A915-12145D91417A}.Debug|x86.ActiveCfg = Debug|Win32
		{C0482381-10F6-47EF-A915-12145D91417A}.Debug|x86.Build.0 = Debug|Win32
		{C0482381-10F6-47EF-A915-12145D91417A}.Release_MD|x64.ActiveCfg = Release|x64
		{C0482381-10F6-47EF-A915-12145D91417A}.Release_MD|x64.Build.0 = Release|x64
		{C0482381-10F6-47EF-A915-12145D91417A}.Release_MD|x86.ActiveCfg = Release|Win32
		{C0482381-10F6-47EF-A915-12145D91417A}.Release_MD|x86.Build.0 = Release|Win32
		{C0482381-10F6-47EF-A915-12145D91417A}.Release|x64.ActiveCfg = Release|x64
		{C0482381-10F6-47EF-A915-12145D91417A}.Release|x64.Build.0 = Release|x64
		{C0482381-10F6-47EF-A915-12145D91417A}.Release|x86.ActiveCfg = Release|Win32
		{C0482381-10F6-47EF-A915-12145D91417A}.Release|x86.Build.0 = Release|Win32
		{C0482381-10F6-47EF-A915-12145D91417A}.Shipping|x64.ActiveCfg = Release|x64
		{C0482381-10F6-47EF-A915-12145D91417A}.Shipping|x64.Build.0 = Release|x64
		{C0482381-10F6-47EF-A915-12145D91417A}.Shipping|x86.ActiveCfg = Release|Win32
		{C0482381-10F6-47EF-A915-12145D91417A}.Shipping|x86.Build.0 = Release|Win32
		{3483D898-6AEB-4C8A-8385-79F45ED01FB7}.Debug_MD|x64.ActiveCfg = Debug|x64
		{3483D898-6AEB-4C8A-8385-79F45ED01FB7}.Debug_MD|x64.Build.0 = Debug|x64
		{3483D898-6AEB-4C8A-8385-79F45ED01FB7}.Debug_MD|x86.ActiveCfg = Debug|Win32
		{3483D898-6AEB-4C8A-8385-79F45ED01FB7}.Debug_MD|x86.Build.0 = Debug|Win32
		{3483D898-6AEB-4C8A-8385-79F45ED01FB7}.Debug|x64.ActiveCfg = Debug|Win32
		{3483D898-6AEB-4C8A-8385-79F45ED01FB7}.Debug|x64.Build.0 = Debug|Win32
		{3483D898-6AEB-4C8A-8385-79F45ED01FB7}.Debug|x86.ActiveCfg = Debug|Win32
		{3483D898-6AEB-4C8A-8385-79F45ED01FB7}.Debug|x86.Build.0 = Debug|Win32
		{3483D898-6AEB-4C8A-8385-79F45ED01FB7}.Release_MD|x64.ActiveCfg = Release|x64
		{3483D898-6AEB-4C8A-8385-79F45ED01FB7}.Release_MD|x64.Build.0 = Release|x64
		{3483D898-6AEB-4C8A-8385-79F45ED01FB7}.Release_MD|x86.ActiveCfg = Release|Win32
		{3483D898-6AEB-4C8A-8385-79F45ED01FB7}.Release_MD|x86.Build.0 = Release|Win32
		{3483D898-6AEB-4C8A-8385-79F45ED01FB7}.Release|x64.ActiveCfg = Release|x64
		{3483D898-6AEB-4C8A-8385-79F45ED01FB7}.Release|x64.Build.0 = Release|x64
		{3483D898-6AEB-4C8A-8385-79F45ED01FB7}.Release|x86.ActiveCfg = Release|Win32
		{3483D898-6AEB-4C8A-8385-79F45ED01FB7}.Release|x86.Build.0 = Release|Win32
		{3483D898-6AEB-4C8A-8385-79F45ED01FB7}.Shipping|x64.ActiveCfg = Release|x64
		{3483D898-6AEB-4C8A-8385-79F45ED01FB7}.Shipping|x64.Build.0 = Release|x64
		{3483D898-6AEB-4C8A-8385-79F45ED01FB7}.Shipping|x86.ActiveCfg = Release|Win32
		{3483D898-6AEB-4C8A-8385-79F45ED01FB7}.Shipping|x86.Build.0 = Release|Win32
		{32C62A4A-809B-4B22-882D-F7498B83A11A}.Debug_MD|x64.ActiveCfg = Debug|x64
		{32C62A4A-809B-4B22-882D-F7498B83A11A}.Debug_MD|x64.Build.0 = Debug|x64
		{32C62A4A-809B-4B22-882D-F7498B83A11A}.Debug_MD|x86.ActiveCfg = Debug|Win32
		{32C62A4A-809B-4B22-882D-F7498B83A11A}.Debug_MD|x86.Build.0 = Debug|Win32
		{32C62A4A-809B-4B22-882D-F7498B83A11A}.Debug|x64.ActiveCfg = Debug|x64
		{32C62A4A-809B-4B22-882D-F7498B83A11A}.Debug|x64.Build.0 = Debug|x64
		{32C62A4A-809B-4B22-882D-F7498B83A11A}.Debug|x86.ActiveCfg = Debug|Win32
		{32C62A4A-809B-4B22-882D-F7498B83A11A}.Debug|x86.Build.0 = Debug|Win32
		{32C62A4A-809B-4B22-882D-F7498B83A11A}.Release_MD|x64.ActiveCfg = Release|x64
		{32C62A4A-809B-4B22-882D-F7498B83A11A}.Release_MD|x64.Build.0 = Release|x64
		{32C62A4A-809B-4B22-882D-F7498B83A11A}.Release_MD|x86.ActiveCfg = Release|Win32
		{32C62A4A-809B-4B22-882D-F7498B83A11A}.Release_MD|x86.Build.0 = Release|Win32
		{32C62A4A-809B-4B22-882D-F7498B83A11A}.Release|x64.ActiveCfg = Release|x64
		{32C62A4A-809B-4B22-882D-F7498B83A11A}.Release|x64.Build.0 = Release|x64
		{32C62A4A-809B-4B22-882D-F7498B83A11A}.Release|x86.ActiveCfg = Release|Win32
		{32C62A4A-809B-4B22-882D-F7498B83A11A}.Release|x86.Build.0 = Release|Win32
		{32C62A4A-809B-4B22-882D-F7498B83A11A}.Shipping|x64.ActiveCfg = Release|x64
		{32C62A4A-809B-4B22-882D-F7498B83A11A}.Shipping|x64.Build.0 = Release|x64
		{32C62A4A-809B-4B22-882D-F7498B83A11A}.Shipping|x86.ActiveCfg = Release|Win32
		{32C62A4A-809B-4B22-882D-F7498B83A11A}.Shipping|x86.Build.0 = Release|Win32
	EndGlobalSection
	GlobalSection(SolutionProperties) = preSolution
		HideSolutionNode = FALSE
	EndGlobalSection
	GlobalSection(NestedProjects) = preSolution
		{15942543-B840-4773-82B2-3D1D65C698D1} = {983C10CE-8CC2-40A0-B406-AF06448A1438}
		{81508B58-0996-4CCF-AA87-9F6FFD63CDCC} = {05FA98E4-F527-493D-880E-61D5BA0089A6}
		{81B94A31-698C-487F-A466-F437FC2AD07A} = {5F63F1FA-1B96-4A7D-9186-98FB65E78390}
		{F5B1F0D9-F98D-4117-ADB2-52C230F12611} = {B02CCDDD-8400-494D-99DE-62744219078A}
		{9FF2E399-2580-47CE-83BD-17085B10C5F1} = {46D25F46-2165-4EFF-939F-303A59041E54}
		{13FB6E4C-7B11-49A2-874E-0ACFD7C8ABE0} = {B02CCDDD-8400-494D-99DE-62744219078A}
		{99719972-8C5D-492A-BAE0-8AF5171F82A8} = {5EF84808-F92E-4A8A-BF78-71CCB92DD08E}
		{9FC87F3C-2FD4-4041-B53C-BCB7E577D2E0} = {983C10CE-8CC2-40A0-B406-AF06448A1438}
		{3483D898-6AEB-4C8A-8385-79F45ED01FB7} = {983C10CE-8CC2-40A0-B406-AF06448A1438}
		{32C62A4A-809B-4B22-882D-F7498B83A11A} = {BCDF8637-F11A-41FA-BD11-64603304C9E0}
	EndGlobalSection
EndGlobal
