<?xml version="1.0" encoding="utf-8"?>
<Project ToolsVersion="4.0" xmlns="http://schemas.microsoft.com/developer/msbuild/2003">
  <ItemGroup>
    <Filter Include="源文件">
      <UniqueIdentifier>{4FC737F1-C7A5-4376-A066-2A32D752A2FF}</UniqueIdentifier>
      <Extensions>cpp;c;cc;cxx;def;odl;idl;hpj;bat;asm;asmx</Extensions>
    </Filter>
    <Filter Include="头文件">
      <UniqueIdentifier>{93995380-89BD-4b04-88EB-625FBE52EBFB}</UniqueIdentifier>
      <Extensions>h;hh;hpp;hxx;hm;inl;inc;xsd</Extensions>
    </Filter>
    <Filter Include="资源文件">
      <UniqueIdentifier>{67DA6AB6-F800-4c08-8B7A-83BB121AAD01}</UniqueIdentifier>
      <Extensions>rc;ico;cur;bmp;dlg;rc2;rct;bin;rgs;gif;jpg;jpeg;jpe;resx;tiff;tif;png;wav;mfcribbon-ms</Extensions>
    </Filter>
  </ItemGroup>
  <ItemGroup>
    <ClCompile Include="..\..\src\gate\BaseGateServerModule.cpp">
      <Filter>源文件</Filter>
    </ClCompile>
    <ClCompile Include="..\..\src\gate\BattleProxyModule.cpp">
      <Filter>源文件</Filter>
    </ClCompile>
    <ClCompile Include="..\..\src\gate\FightServerModule.cpp">
      <Filter>源文件</Filter>
    </ClCompile>
    <ClCompile Include="..\..\src\gate\GameClientModule.cpp">
      <Filter>源文件</Filter>
    </ClCompile>
    <ClCompile Include="..\..\src\gate\GateLuaModule.cpp">
      <Filter>源文件</Filter>
    </ClCompile>
    <ClCompile Include="..\..\src\gate\GateServer.cpp">
      <Filter>源文件</Filter>
    </ClCompile>
    <ClCompile Include="..\..\src\gate\GateServerModule.cpp">
      <Filter>源文件</Filter>
    </ClCompile>
    <ClCompile Include="..\..\src\gate\main.cpp">
      <Filter>源文件</Filter>
    </ClCompile>
  </ItemGroup>
  <ItemGroup>
    <ClInclude Include="..\..\src\gate\BaseGateServerModule.h">
      <Filter>源文件</Filter>
    </ClInclude>
    <ClInclude Include="..\..\src\gate\BattleProxyModule.h">
      <Filter>源文件</Filter>
    </ClInclude>
    <ClInclude Include="..\..\src\gate\FightServerModule.h">
      <Filter>源文件</Filter>
    </ClInclude>
    <ClInclude Include="..\..\src\gate\GameClientModule.h">
      <Filter>源文件</Filter>
    </ClInclude>
    <ClInclude Include="..\..\src\gate\GateLuaFunction.h">
      <Filter>源文件</Filter>
    </ClInclude>
    <ClInclude Include="..\..\src\gate\GateLuaModule.h">
      <Filter>源文件</Filter>
    </ClInclude>
    <ClInclude Include="..\..\src\gate\GateServer.h">
      <Filter>源文件</Filter>
    </ClInclude>
    <ClInclude Include="..\..\src\gate\GateServerModule.h">
      <Filter>源文件</Filter>
    </ClInclude>
    <ClInclude Include="..\..\src\gate\IGameClientModule.h">
      <Filter>源文件</Filter>
    </ClInclude>
    <ClInclude Include="..\..\src\gate\IGateServer.h">
      <Filter>源文件</Filter>
    </ClInclude>
    <ClInclude Include="..\..\src\gate\IGateServerModule.h">
      <Filter>源文件</Filter>
    </ClInclude>
  </ItemGroup>
</Project>