<?xml version="1.0" encoding="utf-8"?>
<Project ToolsVersion="4.0" xmlns="http://schemas.microsoft.com/developer/msbuild/2003">
  <ItemGroup>
    <Filter Include="源文件">
      <UniqueIdentifier>{4FC737F1-C7A5-4376-A066-2A32D752A2FF}</UniqueIdentifier>
      <Extensions>cpp;c;cc;cxx;def;odl;idl;hpj;bat;asm;asmx</Extensions>
    </Filter>
    <Filter Include="头文件">
      <UniqueIdentifier>{93995380-89BD-4b04-88EB-625FBE52EBFB}</UniqueIdentifier>
      <Extensions>h;hh;hpp;hxx;hm;inl;inc;xsd</Extensions>
    </Filter>
    <Filter Include="资源文件">
      <UniqueIdentifier>{67DA6AB6-F800-4c08-8B7A-83BB121AAD01}</UniqueIdentifier>
      <Extensions>rc;ico;cur;bmp;dlg;rc2;rct;bin;rgs;gif;jpg;jpeg;jpe;resx;tiff;tif;png;wav;mfcribbon-ms</Extensions>
    </Filter>
  </ItemGroup>
  <ItemGroup>
    <Text Include="ReadMe.txt" />
  </ItemGroup>
  <ItemGroup>
    <ClCompile Include="..\..\src\common\AOIModule.cpp">
      <Filter>源文件</Filter>
    </ClCompile>
    <ClCompile Include="..\..\src\common\AOIProxy.cpp">
      <Filter>源文件</Filter>
    </ClCompile>
    <ClCompile Include="..\..\src\common\AOIProxyManager.cpp">
      <Filter>源文件</Filter>
    </ClCompile>
    <ClCompile Include="..\..\src\common\AOIScene.cpp">
      <Filter>源文件</Filter>
    </ClCompile>
    <ClCompile Include="..\..\src\common\ClientNetModule.cpp">
      <Filter>源文件</Filter>
    </ClCompile>
    <ClCompile Include="..\..\src\common\exception.cpp">
      <Filter>源文件</Filter>
    </ClCompile>
    <ClCompile Include="..\..\src\common\fifonolock.cpp">
      <Filter>源文件</Filter>
    </ClCompile>
    <ClCompile Include="..\..\src\common\GameManagerClientModule.cpp">
      <Filter>源文件</Filter>
    </ClCompile>
    <ClCompile Include="..\..\src\common\getopt.cpp">
      <Filter>源文件</Filter>
    </ClCompile>
    <ClCompile Include="..\..\src\common\LogModule.cpp">
      <Filter>源文件</Filter>
    </ClCompile>
    <ClCompile Include="..\..\src\common\LuaModule.cpp">
      <Filter>源文件</Filter>
    </ClCompile>
    <ClCompile Include="..\..\src\common\main.cpp">
      <Filter>源文件</Filter>
    </ClCompile>
    <ClCompile Include="..\..\src\common\message.cpp">
      <Filter>源文件</Filter>
    </ClCompile>
    <ClCompile Include="..\..\src\common\Net.cpp">
      <Filter>源文件</Filter>
    </ClCompile>
    <ClCompile Include="..\..\src\common\NetModule.cpp">
      <Filter>源文件</Filter>
    </ClCompile>
    <ClCompile Include="..\..\src\common\octimer.cpp">
      <Filter>源文件</Filter>
    </ClCompile>
    <ClCompile Include="..\..\src\common\redismodule.cpp">
      <Filter>源文件</Filter>
    </ClCompile>
    <ClCompile Include="..\..\src\common\Scene.cpp">
      <Filter>源文件</Filter>
    </ClCompile>
    <ClCompile Include="..\..\src\common\ServerConfigure.cpp">
      <Filter>源文件</Filter>
    </ClCompile>
    <ClCompile Include="..\..\src\common\serverproxy.cpp">
      <Filter>源文件</Filter>
    </ClCompile>
    <ClCompile Include="..\..\src\common\servicemanager.cpp">
      <Filter>源文件</Filter>
    </ClCompile>
    <ClCompile Include="..\..\src\common\shape.cpp">
      <Filter>源文件</Filter>
    </ClCompile>
    <ClCompile Include="..\..\src\common\timeimp.cpp">
      <Filter>源文件</Filter>
    </ClCompile>
    <ClCompile Include="..\..\src\common\timemeter.cpp">
      <Filter>源文件</Filter>
    </ClCompile>
    <ClCompile Include="..\..\src\common\Timer.cpp">
      <Filter>源文件</Filter>
    </ClCompile>
    <ClCompile Include="..\..\src\common\lfs.cpp">
      <Filter>源文件</Filter>
    </ClCompile>
    <ClCompile Include="..\..\src\common\md5lib.cpp">
      <Filter>源文件</Filter>
    </ClCompile>
    <ClCompile Include="..\..\src\common\md5.cpp">
      <Filter>源文件</Filter>
    </ClCompile>
    <ClCompile Include="..\..\src\common\compat-5.2.cpp">
      <Filter>源文件</Filter>
    </ClCompile>
    <ClCompile Include="..\..\src\common\telnet.cpp">
      <Filter>源文件</Filter>
    </ClCompile>
  </ItemGroup>
  <ItemGroup>
    <ClInclude Include="..\..\src\common\AOIModule.h">
      <Filter>源文件</Filter>
    </ClInclude>
    <ClInclude Include="..\..\src\common\AOIProxy.h">
      <Filter>源文件</Filter>
    </ClInclude>
    <ClInclude Include="..\..\src\common\AOIProxyManager.h">
      <Filter>源文件</Filter>
    </ClInclude>
    <ClInclude Include="..\..\src\common\AOIScene.h">
      <Filter>源文件</Filter>
    </ClInclude>
    <ClInclude Include="..\..\src\common\baseluafunction.h">
      <Filter>源文件</Filter>
    </ClInclude>
    <ClInclude Include="..\..\src\common\BaseProxy.h">
      <Filter>源文件</Filter>
    </ClInclude>
    <ClInclude Include="..\..\src\common\BaseScene.h">
      <Filter>源文件</Filter>
    </ClInclude>
    <ClInclude Include="..\..\src\common\bson.h">
      <Filter>源文件</Filter>
    </ClInclude>
    <ClInclude Include="..\..\src\common\CityScene.h">
      <Filter>源文件</Filter>
    </ClInclude>
    <ClInclude Include="..\..\src\common\clientmanager.h">
      <Filter>源文件</Filter>
    </ClInclude>
    <ClInclude Include="..\..\src\common\ClientNetModule.h">
      <Filter>源文件</Filter>
    </ClInclude>
    <ClInclude Include="..\..\src\common\ClientProxy.h">
      <Filter>源文件</Filter>
    </ClInclude>
    <ClInclude Include="..\..\src\common\common.h">
      <Filter>源文件</Filter>
    </ClInclude>
    <ClInclude Include="..\..\src\common\common_define.h">
      <Filter>源文件</Filter>
    </ClInclude>
    <ClInclude Include="..\..\src\common\DungeonScene.h">
      <Filter>源文件</Filter>
    </ClInclude>
    <ClInclude Include="..\..\src\common\easylogging++.h">
      <Filter>源文件</Filter>
    </ClInclude>
    <ClInclude Include="..\..\src\common\exception.h">
      <Filter>源文件</Filter>
    </ClInclude>
    <ClInclude Include="..\..\src\common\FieldScene.h">
      <Filter>源文件</Filter>
    </ClInclude>
    <ClInclude Include="..\..\src\common\fifonolock.h">
      <Filter>源文件</Filter>
    </ClInclude>
    <ClInclude Include="..\..\src\common\GameManagerClientModule.h">
      <Filter>源文件</Filter>
    </ClInclude>
    <ClInclude Include="..\..\src\common\getopt.h">
      <Filter>源文件</Filter>
    </ClInclude>
    <ClInclude Include="..\..\src\common\ILogModule.h">
      <Filter>源文件</Filter>
    </ClInclude>
    <ClInclude Include="..\..\src\common\ILuaModule.h">
      <Filter>源文件</Filter>
    </ClInclude>
    <ClInclude Include="..\..\src\common\INet.h">
      <Filter>源文件</Filter>
    </ClInclude>
    <ClInclude Include="..\..\src\common\INetModule.h">
      <Filter>源文件</Filter>
    </ClInclude>
    <ClInclude Include="..\..\src\common\IProxy.h">
      <Filter>源文件</Filter>
    </ClInclude>
    <ClInclude Include="..\..\src\common\IProxyModuel.h">
      <Filter>源文件</Filter>
    </ClInclude>
    <ClInclude Include="..\..\src\common\IScene.h">
      <Filter>源文件</Filter>
    </ClInclude>
    <ClInclude Include="..\..\src\common\json.hpp">
      <Filter>源文件</Filter>
    </ClInclude>
    <ClInclude Include="..\..\src\common\LogModule.h">
      <Filter>源文件</Filter>
    </ClInclude>
    <ClInclude Include="..\..\src\common\lua-hiredis.h">
      <Filter>源文件</Filter>
    </ClInclude>
    <ClInclude Include="..\..\src\common\LuaModule.h">
      <Filter>源文件</Filter>
    </ClInclude>
    <ClInclude Include="..\..\src\common\luaproxyfunction.h">
      <Filter>源文件</Filter>
    </ClInclude>
    <ClInclude Include="..\..\src\common\luaredis.h">
      <Filter>源文件</Filter>
    </ClInclude>
    <ClInclude Include="..\..\src\common\MapEx.h">
      <Filter>源文件</Filter>
    </ClInclude>
    <ClInclude Include="..\..\src\common\message.h">
      <Filter>源文件</Filter>
    </ClInclude>
    <ClInclude Include="..\..\src\common\Net.h">
      <Filter>源文件</Filter>
    </ClInclude>
    <ClInclude Include="..\..\src\common\NetModule.h">
      <Filter>源文件</Filter>
    </ClInclude>
    <ClInclude Include="..\..\src\common\NpcProxy.h">
      <Filter>源文件</Filter>
    </ClInclude>
    <ClInclude Include="..\..\src\common\octimer.h">
      <Filter>源文件</Filter>
    </ClInclude>
    <ClInclude Include="..\..\src\common\Platform.h">
      <Filter>源文件</Filter>
    </ClInclude>
    <ClInclude Include="..\..\src\common\redismodule.h">
      <Filter>源文件</Filter>
    </ClInclude>
    <ClInclude Include="..\..\src\common\Scene.h">
      <Filter>源文件</Filter>
    </ClInclude>
    <ClInclude Include="..\..\src\common\ServerConfigure.h">
      <Filter>源文件</Filter>
    </ClInclude>
    <ClInclude Include="..\..\src\common\serverproxy.h">
      <Filter>源文件</Filter>
    </ClInclude>
    <ClInclude Include="..\..\src\common\servicemanager.h">
      <Filter>源文件</Filter>
    </ClInclude>
    <ClInclude Include="..\..\src\common\shape.h">
      <Filter>源文件</Filter>
    </ClInclude>
    <ClInclude Include="..\..\src\common\Singleton.h">
      <Filter>源文件</Filter>
    </ClInclude>
    <ClInclude Include="..\..\src\common\SocketSession.h">
      <Filter>源文件</Filter>
    </ClInclude>
    <ClInclude Include="..\..\src\common\telnet.h">
      <Filter>源文件</Filter>
    </ClInclude>
    <ClInclude Include="..\..\src\common\threaddefine.h">
      <Filter>源文件</Filter>
    </ClInclude>
    <ClInclude Include="..\..\src\common\threadpool.h">
      <Filter>源文件</Filter>
    </ClInclude>
    <ClInclude Include="..\..\src\common\timemeter.h">
      <Filter>源文件</Filter>
    </ClInclude>
    <ClInclude Include="..\..\src\common\Timer.h">
      <Filter>源文件</Filter>
    </ClInclude>
    <ClInclude Include="..\..\src\common\util.h">
      <Filter>源文件</Filter>
    </ClInclude>
    <ClInclude Include="..\..\src\common\lfs.h">
      <Filter>源文件</Filter>
    </ClInclude>
    <ClInclude Include="..\..\src\common\compat-5.2.h">
      <Filter>头文件</Filter>
    </ClInclude>
    <ClInclude Include="..\..\src\common\md5.h">
      <Filter>头文件</Filter>
    </ClInclude>
  </ItemGroup>
  <ItemGroup>
    <None Include="..\..\src\common\Makefile">
      <Filter>源文件</Filter>
    </None>
  </ItemGroup>
</Project>